// !$*UTF8*$!
{
	archiveVersion = 1;
	classes = {
	};
	objectVersion = 46;
	objects = {

/* Begin PBXBuildFile section */
		D062B6581ED58CE600E0DE69 /* MyCppLib.hpp in Headers */ = {isa = PBXBuildFile; fileRef = D062B6571ED58CE600E0DE69 /* MyCppLib.hpp */; };
		D062B65A1ED58CE600E0DE69 /* MyCppLibPriv.hpp in Headers */ = {isa = PBXBuildFile; fileRef = D062B6591ED58CE600E0DE69 /* MyCppLibPriv.hpp */; };
		D062B65C1ED58CE600E0DE69 /* MyCppLib.cpp in Sources */ = {isa = PBXBuildFile; fileRef = D062B65B1ED58CE600E0DE69 /* MyCppLib.cpp */; };
		D062B6631ED58DAD00E0DE69 /* libMyCppLib.a in CopyFiles */ = {isa = PBXBuildFile; fileRef = D062B6541ED58CE600E0DE69 /* libMyCppLib.a */; };
		D062B6651ED59C5200E0DE69 /* MyCppLibPriv.cpp in Sources */ = {isa = PBXBuildFile; fileRef = D062B6641ED59C5200E0DE69 /* MyCppLibPriv.cpp */; };
/* End PBXBuildFile section */

/* Begin PBXCopyFilesBuildPhase section */
		D062B6621ED58D6400E0DE69 /* CopyFiles */ = {
			isa = PBXCopyFilesBuildPhase;
			buildActionMask = 2147483647;
			dstPath = ../../../../../..;
			dstSubfolderSpec = 16;
			files = (
				D062B6631ED58DAD00E0DE69 /* libMyCppLib.a in CopyFiles */,
			);
			runOnlyForDeploymentPostprocessing = 0;
		};
/* End PBXCopyFilesBuildPhase section */

/* Begin PBXFileReference section */
		D062B6541ED58CE600E0DE69 /* libMyCppLib.a */ = {isa = PBXFileReference; explicitFileType = archive.ar; includeInIndex = 0; path = libMyCppLib.a; sourceTree = BUILT_PRODUCTS_DIR; };
		D062B6571ED58CE600E0DE69 /* MyCppLib.hpp */ = {isa = PBXFileReference; lastKnownFileType = sourcecode.cpp.h; path = MyCppLib.hpp; sourceTree = "<group>"; };
		D062B6591ED58CE600E0DE69 /* MyCppLibPriv.hpp */ = {isa = PBXFileReference; lastKnownFileType = sourcecode.cpp.h; path = MyCppLibPriv.hpp; sourceTree = "<group>"; };
		D062B65B1ED58CE600E0DE69 /* MyCppLib.cpp */ = {isa = PBXFileReference; lastKnownFileType = sourcecode.cpp.cpp; path = MyCppLib.cpp; sourceTree = "<group>"; };
		D062B6641ED59C5200E0DE69 /* MyCppLibPriv.cpp */ = {isa = PBXFileReference; fileEncoding = 4; lastKnownFileType = sourcecode.cpp.cpp; path = MyCppLibPriv.cpp; sourceTree = "<group>"; };
		D062B66A1ED59CDF00E0DE69 /* MyCppBundle.bundle */ = {isa = PBXFileReference; explicitFileType = wrapper.cfbundle; includeInIndex = 0; path = MyCppBundle.bundle; sourceTree = BUILT_PRODUCTS_DIR; };
		D062B66C1ED59CDF00E0DE69 /* Info.plist */ = {isa = PBXFileReference; lastKnownFileType = text.plist.xml; path = Info.plist; sourceTree = "<group>"; };
/* End PBXFileReference section */

/* Begin PBXFrameworksBuildPhase section */
		D062B6511ED58CE600E0DE69 /* Frameworks */ = {
			isa = PBXFrameworksBuildPhase;
			buildActionMask = 2147483647;
			files = (
			);
			runOnlyForDeploymentPostprocessing = 0;
		};
		D062B6671ED59CDF00E0DE69 /* Frameworks */ = {
			isa = PBXFrameworksBuildPhase;
			buildActionMask = 2147483647;
			files = (
			);
			runOnlyForDeploymentPostprocessing = 0;
		};
/* End PBXFrameworksBuildPhase section */

/* Begin PBXGroup section */
		D062B64B1ED58CE600E0DE69 = {
			isa = PBXGroup;
			children = (
				D062B6561ED58CE600E0DE69 /* MyCppLib */,
				D062B66B1ED59CDF00E0DE69 /* MyCppBundle */,
				D062B6551ED58CE600E0DE69 /* Products */,
			);
			sourceTree = "<group>";
		};
		D062B6551ED58CE600E0DE69 /* Products */ = {
			isa = PBXGroup;
			children = (
				D062B6541ED58CE600E0DE69 /* libMyCppLib.a */,
				D062B66A1ED59CDF00E0DE69 /* MyCppBundle.bundle */,
			);
			name = Products;
			sourceTree = "<group>";
		};
		D062B6561ED58CE600E0DE69 /* MyCppLib */ = {
			isa = PBXGroup;
			children = (
				D062B6591ED58CE600E0DE69 /* MyCppLibPriv.hpp */,
				D062B6641ED59C5200E0DE69 /* MyCppLibPriv.cpp */,
				D062B6571ED58CE600E0DE69 /* MyCppLib.hpp */,
				D062B65B1ED58CE600E0DE69 /* MyCppLib.cpp */,
			);
			path = MyCppLib;
			sourceTree = "<group>";
		};
		D062B66B1ED59CDF00E0DE69 /* MyCppBundle */ = {
			isa = PBXGroup;
			children = (
				D062B66C1ED59CDF00E0DE69 /* Info.plist */,
			);
			path = MyCppBundle;
			sourceTree = "<group>";
		};
/* End PBXGroup section */

/* Begin PBXHeadersBuildPhase section */
		D062B6521ED58CE600E0DE69 /* Headers */ = {
			isa = PBXHeadersBuildPhase;
			buildActionMask = 2147483647;
			files = (
				D062B6581ED58CE600E0DE69 /* MyCppLib.hpp in Headers */,
				D062B65A1ED58CE600E0DE69 /* MyCppLibPriv.hpp in Headers */,
			);
			runOnlyForDeploymentPostprocessing = 0;
		};
/* End PBXHeadersBuildPhase section */

/* Begin PBXNativeTarget section */
		D062B6531ED58CE600E0DE69 /* MyCppLib */ = {
			isa = PBXNativeTarget;
			buildConfigurationList = D062B65F1ED58CE600E0DE69 /* Build configuration list for PBXNativeTarget "MyCppLib" */;
			buildPhases = (
				D062B6501ED58CE600E0DE69 /* Sources */,
				D062B6511ED58CE600E0DE69 /* Frameworks */,
				D062B6521ED58CE600E0DE69 /* Headers */,
				D062B6621ED58D6400E0DE69 /* CopyFiles */,
			);
			buildRules = (
			);
			dependencies = (
			);
			name = MyCppLib;
			productName = MyCppLib;
			productReference = D062B6541ED58CE600E0DE69 /* libMyCppLib.a */;
			productType = "com.apple.product-type.library.static";
		};
		D062B6691ED59CDF00E0DE69 /* MyCppBundle */ = {
			isa = PBXNativeTarget;
			buildConfigurationList = D062B66D1ED59CE000E0DE69 /* Build configuration list for PBXNativeTarget "MyCppBundle" */;
			buildPhases = (
				D062B6661ED59CDF00E0DE69 /* Sources */,
				D062B6671ED59CDF00E0DE69 /* Frameworks */,
				D062B6681ED59CDF00E0DE69 /* Resources */,
			);
			buildRules = (
			);
			dependencies = (
			);
			name = MyCppBundle;
			productName = MyCppBundle;
			productReference = D062B66A1ED59CDF00E0DE69 /* MyCppBundle.bundle */;
			productType = "com.apple.product-type.bundle";
		};
/* End PBXNativeTarget section */

/* Begin PBXProject section */
		D062B64C1ED58CE600E0DE69 /* Project object */ = {
			isa = PBXProject;
			attributes = {
				LastUpgradeCheck = 0830;
				ORGANIZATIONNAME = Abc;
				TargetAttributes = {
					D062B6531ED58CE600E0DE69 = {
						CreatedOnToolsVersion = 8.3.2;
						ProvisioningStyle = Automatic;
					};
					D062B6691ED59CDF00E0DE69 = {
						CreatedOnToolsVersion = 8.3.2;
						ProvisioningStyle = Automatic;
					};
				};
			};
			buildConfigurationList = D062B64F1ED58CE600E0DE69 /* Build configuration list for PBXProject "MyCppLib" */;
			compatibilityVersion = "Xcode 3.2";
			developmentRegion = English;
			hasScannedForEncodings = 0;
			knownRegions = (
				en,
			);
			mainGroup = D062B64B1ED58CE600E0DE69;
			productRefGroup = D062B6551ED58CE600E0DE69 /* Products */;
			projectDirPath = "";
			projectRoot = "";
			targets = (
				D062B6531ED58CE600E0DE69 /* MyCppLib */,
				D062B6691ED59CDF00E0DE69 /* MyCppBundle */,
			);
		};
/* End PBXProject section */

/* Begin PBXResourcesBuildPhase section */
		D062B6681ED59CDF00E0DE69 /* Resources */ = {
			isa = PBXResourcesBuildPhase;
			buildActionMask = 2147483647;
			files = (
			);
			runOnlyForDeploymentPostprocessing = 0;
		};
/* End PBXResourcesBuildPhase section */

/* Begin PBXSourcesBuildPhase section */
		D062B6501ED58CE600E0DE69 /* Sources */ = {
			isa = PBXSourcesBuildPhase;
			buildActionMask = 2147483647;
			files = (
				D062B6651ED59C5200E0DE69 /* MyCppLibPriv.cpp in Sources */,
				D062B65C1ED58CE600E0DE69 /* MyCppLib.cpp in Sources */,
			);
			runOnlyForDeploymentPostprocessing = 0;
		};
		D062B6661ED59CDF00E0DE69 /* Sources */ = {
			isa = PBXSourcesBuildPhase;
			buildActionMask = 2147483647;
			files = (
			);
			runOnlyForDeploymentPostprocessing = 0;
		};
/* End PBXSourcesBuildPhase section */

/* Begin XCBuildConfiguration section */
		D062B65D1ED58CE600E0DE69 /* Debug */ = {
			isa = XCBuildConfiguration;
			buildSettings = {
				ALWAYS_SEARCH_USER_PATHS = NO;
				CLANG_ANALYZER_NONNULL = YES;
				CLANG_ANALYZER_NUMBER_OBJECT_CONVERSION = YES_AGGRESSIVE;
				CLANG_CXX_LANGUAGE_STANDARD = "gnu++0x";
				CLANG_CXX_LIBRARY = "libc++";
				CLANG_ENABLE_MODULES = YES;
				CLANG_ENABLE_OBJC_ARC = YES;
				CLANG_WARN_BOOL_CONVERSION = YES;
				CLANG_WARN_CONSTANT_CONVERSION = YES;
				CLANG_WARN_DIRECT_OBJC_ISA_USAGE = YES_ERROR;
				CLANG_WARN_DOCUMENTATION_COMMENTS = YES;
				CLANG_WARN_EMPTY_BODY = YES;
				CLANG_WARN_ENUM_CONVERSION = YES;
				CLANG_WARN_INFINITE_RECURSION = YES;
				CLANG_WARN_INT_CONVERSION = YES;
				CLANG_WARN_OBJC_ROOT_CLASS = YES_ERROR;
				CLANG_WARN_SUSPICIOUS_MOVE = YES;
				CLANG_WARN_UNREACHABLE_CODE = YES;
				CLANG_WARN__DUPLICATE_METHOD_MATCH = YES;
				CODE_SIGN_IDENTITY = "-";
				COPY_PHASE_STRIP = NO;
				DEBUG_INFORMATION_FORMAT = dwarf;
				ENABLE_STRICT_OBJC_MSGSEND = YES;
				ENABLE_TESTABILITY = YES;
				GCC_C_LANGUAGE_STANDARD = gnu99;
				GCC_DYNAMIC_NO_PIC = NO;
				GCC_NO_COMMON_BLOCKS = YES;
				GCC_OPTIMIZATION_LEVEL = 0;
				GCC_PREPROCESSOR_DEFINITIONS = (
					"DEBUG=1",
					"$(inherited)",
				);
				GCC_WARN_64_TO_32_BIT_CONVERSION = YES;
				GCC_WARN_ABOUT_RETURN_TYPE = YES_ERROR;
				GCC_WARN_UNDECLARED_SELECTOR = YES;
				GCC_WARN_UNINITIALIZED_AUTOS = YES_AGGRESSIVE;
				GCC_WARN_UNUSED_FUNCTION = YES;
				GCC_WARN_UNUSED_VARIABLE = YES;
				MACOSX_DEPLOYMENT_TARGET = 10.12;
				MTL_ENABLE_DEBUG_INFO = YES;
				ONLY_ACTIVE_ARCH = YES;
				SDKROOT = macosx;
			};
			name = Debug;
		};
		D062B65E1ED58CE600E0DE69 /* Release */ = {
			isa = XCBuildConfiguration;
			buildSettings = {
				ALWAYS_SEARCH_USER_PATHS = NO;
				CLANG_ANALYZER_NONNULL = YES;
				CLANG_ANALYZER_NUMBER_OBJECT_CONVERSION = YES_AGGRESSIVE;
				CLANG_CXX_LANGUAGE_STANDARD = "gnu++0x";
				CLANG_CXX_LIBRARY = "libc++";
				CLANG_ENABLE_MODULES = YES;
				CLANG_ENABLE_OBJC_ARC = YES;
				CLANG_WARN_BOOL_CONVERSION = YES;
				CLANG_WARN_CONSTANT_CONVERSION = YES;
				CLANG_WARN_DIRECT_OBJC_ISA_USAGE = YES_ERROR;
				CLANG_WARN_DOCUMENTATION_COMMENTS = YES;
				CLANG_WARN_EMPTY_BODY = YES;
				CLANG_WARN_ENUM_CONVERSION = YES;
				CLANG_WARN_INFINITE_RECURSION = YES;
				CLANG_WARN_INT_CONVERSION = YES;
				CLANG_WARN_OBJC_ROOT_CLASS = YES_ERROR;
				CLANG_WARN_SUSPICIOUS_MOVE = YES;
				CLANG_WARN_UNREACHABLE_CODE = YES;
				CLANG_WARN__DUPLICATE_METHOD_MATCH = YES;
				CODE_SIGN_IDENTITY = "-";
				COPY_PHASE_STRIP = NO;
				DEBUG_INFORMATION_FORMAT = "dwarf-with-dsym";
				ENABLE_NS_ASSERTIONS = NO;
				ENABLE_STRICT_OBJC_MSGSEND = YES;
				GCC_C_LANGUAGE_STANDARD = gnu99;
				GCC_NO_COMMON_BLOCKS = YES;
				GCC_WARN_64_TO_32_BIT_CONVERSION = YES;
				GCC_WARN_ABOUT_RETURN_TYPE = YES_ERROR;
				GCC_WARN_UNDECLARED_SELECTOR = YES;
				GCC_WARN_UNINITIALIZED_AUTOS = YES_AGGRESSIVE;
				GCC_WARN_UNUSED_FUNCTION = YES;
				GCC_WARN_UNUSED_VARIABLE = YES;
				MACOSX_DEPLOYMENT_TARGET = 10.12;
				MTL_ENABLE_DEBUG_INFO = NO;
				SDKROOT = macosx;
			};
			name = Release;
		};
		D062B6601ED58CE600E0DE69 /* Debug */ = {
			isa = XCBuildConfiguration;
			buildSettings = {
				COPY_PHASE_STRIP = NO;
				DEAD_CODE_STRIPPING = YES;
				DEPLOYMENT_POSTPROCESSING = YES;
				EXECUTABLE_PREFIX = lib;
				GCC_ENABLE_CPP_EXCEPTIONS = YES;
				GCC_ENABLE_CPP_RTTI = YES;
				GCC_SYMBOLS_PRIVATE_EXTERN = YES;
				GENERATE_MASTER_OBJECT_FILE = YES;
				OTHER_CPLUSPLUSFLAGS = "$(OTHER_CFLAGS)";
				OTHER_LDFLAGS = "";
				PRODUCT_NAME = "$(TARGET_NAME)";
				SEPARATE_STRIP = NO;
				SKIP_INSTALL = YES;
				STRIP_STYLE = "non-global";
			};
			name = Debug;
		};
		D062B6611ED58CE600E0DE69 /* Release */ = {
			isa = XCBuildConfiguration;
			buildSettings = {
				COPY_PHASE_STRIP = NO;
				DEAD_CODE_STRIPPING = YES;
				DEPLOYMENT_POSTPROCESSING = YES;
				EXECUTABLE_PREFIX = lib;
				GCC_ENABLE_CPP_EXCEPTIONS = YES;
				GCC_ENABLE_CPP_RTTI = YES;
				GCC_SYMBOLS_PRIVATE_EXTERN = YES;
				GENERATE_MASTER_OBJECT_FILE = YES;
				OTHER_CPLUSPLUSFLAGS = "$(OTHER_CFLAGS)";
				OTHER_LDFLAGS = "";
				PRODUCT_NAME = "$(TARGET_NAME)";
				SEPARATE_STRIP = NO;
				SKIP_INSTALL = YES;
				STRIP_STYLE = "non-global";
			};
			name = Release;
		};
		D062B66E1ED59CE000E0DE69 /* Debug */ = {
			isa = XCBuildConfiguration;
			buildSettings = {
				COMBINE_HIDPI_IMAGES = YES;
				INFOPLIST_FILE = MyCppBundle/Info.plist;
				INSTALL_PATH = "$(LOCAL_LIBRARY_DIR)/Bundles";
				PRODUCT_BUNDLE_IDENTIFIER = Abc.MyCppBundle;
				PRODUCT_NAME = "$(TARGET_NAME)";
				SKIP_INSTALL = YES;
				WRAPPER_EXTENSION = bundle;
			};
			name = Debug;
		};
		D062B66F1ED59CE000E0DE69 /* Release */ = {
			isa = XCBuildConfiguration;
			buildSettings = {
				COMBINE_HIDPI_IMAGES = YES;
				INFOPLIST_FILE = MyCppBundle/Info.plist;
				INSTALL_PATH = "$(LOCAL_LIBRARY_DIR)/Bundles";
				PRODUCT_BUNDLE_IDENTIFIER = Abc.MyCppBundle;
				PRODUCT_NAME = "$(TARGET_NAME)";
				SKIP_INSTALL = YES;
				WRAPPER_EXTENSION = bundle;
			};
			name = Release;
		};
/* End XCBuildConfiguration section */

/* Begin XCConfigurationList section */
		D062B64F1ED58CE600E0DE69 /* Build configuration list for PBXProject "MyCppLib" */ = {
			isa = XCConfigurationList;
			buildConfigurations = (
				D062B65D1ED58CE600E0DE69 /* Debug */,
				D062B65E1ED58CE600E0DE69 /* Release */,
			);
			defaultConfigurationIsVisible = 0;
			defaultConfigurationName = Release;
		};
		D062B65F1ED58CE600E0DE69 /* Build configuration list for PBXNativeTarget "MyCppLib" */ = {
			isa = XCConfigurationList;
			buildConfigurations = (
				D062B6601ED58CE600E0DE69 /* Debug */,
				D062B6611ED58CE600E0DE69 /* Release */,
			);
			defaultConfigurationIsVisible = 0;
		};
		D062B66D1ED59CE000E0DE69 /* Build configuration list for PBXNativeTarget "MyCppBundle" */ = {
			isa = XCConfigurationList;
			buildConfigurations = (
				D062B66E1ED59CE000E0DE69 /* Debug */,
				D062B66F1ED59CE000E0DE69 /* Release */,
			);
			defaultConfigurationIsVisible = 0;
		};
/* End XCConfigurationList section */
	};
	rootObject = D062B64C1ED58CE600E0DE69 /* Project object */;
}
